
Microsoft Visual Studio Solution File, Format Version 12.00
# Visual Studio 15
VisualStudioVersion = 15.0.27004.2002
MinimumVisualStudioVersion = 10.0.40219.1
Project("{FAE04EC0-301F-11D3-BF4B-00C04F79EFBC}") = "EfCore", "EfCore\EfCore.csproj", "{7361AD31-BBA3-4C88-9EAC-F21AF7710567}"
EndProject
Global
	GlobalSection(SolutionConfigurationPlatforms) = preSolution
		Debug|Any CPU = Debug|Any CPU
		Release|Any CPU = Release|Any CPU
	EndGlobalSection
	GlobalSection(ProjectConfigurationPlatforms) = postSolution
		{7361AD31-BBA3-4C88-9EAC-F21AF7710567}.Debug|Any CPU.ActiveCfg = Debug|Any CPU
		{7361AD31-BBA3-4C88-9EAC-F21AF7710567}.Debug|Any CPU.Build.0 = Debug|Any CPU
		{7361AD31-BBA3-4C88-9EAC-F21AF7710567}.Release|Any CPU.ActiveCfg = Release|Any CPU
		{7361AD31-BBA3-4C88-9EAC-F21AF7710567}.Release|Any CPU.Build.0 = Release|Any CPU
	EndGlobalSection
	GlobalSection(SolutionProperties) = preSolution
		HideSolutionNode = FALSE
	EndGlobalSection
	GlobalSection(ExtensibilityGlobals) = postSolution
		SolutionGuid = {191189A5-FEEA-4DD2-A779-5D949C74EC64}
	EndGlobalSection
EndGlobal
