
Microsoft Visual Studio Solution File, Format Version 12.00
# Visual Studio 15
VisualStudioVersion = 15.0.27130.2003
MinimumVisualStudioVersion = 10.0.40219.1
Project("{FAE04EC0-301F-11D3-BF4B-00C04F79EFBC}") = "JsonSerialization", "JsonSerialization\JsonSerialization.csproj", "{FE279EAA-2668-4558-9DC3-E4C5C50F2B01}"
EndProject
Global
	GlobalSection(SolutionConfigurationPlatforms) = preSolution
		Debug|Any CPU = Debug|Any CPU
		Release|Any CPU = Release|Any CPU
	EndGlobalSection
	GlobalSection(ProjectConfigurationPlatforms) = postSolution
		{FE279EAA-2668-4558-9DC3-E4C5C50F2B01}.Debug|Any CPU.ActiveCfg = Debug|Any CPU
		{FE279EAA-2668-4558-9DC3-E4C5C50F2B01}.Debug|Any CPU.Build.0 = Debug|Any CPU
		{FE279EAA-2668-4558-9DC3-E4C5C50F2B01}.Release|Any CPU.ActiveCfg = Release|Any CPU
		{FE279EAA-2668-4558-9DC3-E4C5C50F2B01}.Release|Any CPU.Build.0 = Release|Any CPU
	EndGlobalSection
	GlobalSection(SolutionProperties) = preSolution
		HideSolutionNode = FALSE
	EndGlobalSection
	GlobalSection(ExtensibilityGlobals) = postSolution
		SolutionGuid = {56037DEC-3032-4FBC-A199-32BE66717870}
	EndGlobalSection
EndGlobal
